github.com/ahmad-abrar-dev/go-hello-module/v2 v2.0.0 h1:7pfTDjOoEtyXPC5rPTQH1+Av4h2bkyquMQQSdU9WwXg=
github.com/ahmad-abrar-dev/go-hello-module/v2 v2.0.0/go.mod h1:AGl/DGeHTyKJktMalRqq3XseQixM6aEZSCHPI8iEFco=
github.com/ahmad-abrar-dev/go-hello-module/v2 v2.1.0 h1:dXxzGVm6vx1/XD5hZ3l/kSToz0wCnO4pZiEne+v+95c=
github.com/ahmad-abrar-dev/go-hello-module/v2 v2.1.0/go.mod h1:AGl/DGeHTyKJktMalRqq3XseQixM6aEZSCHPI8iEFco=
